
Microsoft Visual Studio Solution File, Format Version 12.00
# Visual Studio Version 16
VisualStudioVersion = 16.0.29613.14
MinimumVisualStudioVersion = 10.0.40219.1
Project("{FAE04EC0-301F-11D3-BF4B-00C04F79EFBC}") = "Ironstone Core", "Ironstone Core\Ironstone Core.csproj", "{A3BFA507-A2C4-4C33-943B-6083133EE63C}"
EndProject
Project("{930C7802-8A8C-48F9-8165-68863BCCD9DD}") = "Installer", "Installer\Installer.wixproj", "{B7273690-BCCA-4A2A-BBE8-07D11D1D299E}"
	ProjectSection(ProjectDependencies) = postProject
		{A3BFA507-A2C4-4C33-943B-6083133EE63C} = {A3BFA507-A2C4-4C33-943B-6083133EE63C}
		{AC79C0AE-544A-4CB5-8FB7-665754BDEA9F} = {AC79C0AE-544A-4CB5-8FB7-665754BDEA9F}
	EndProjectSection
EndProject
Project("{FAE04EC0-301F-11D3-BF4B-00C04F79EFBC}") = "Ironstone Core Tests", "Ironstone Core Tests\Ironstone Core Tests.csproj", "{1F8281CB-B208-45D3-A8CA-CDED34C48636}"
EndProject
Project("{FAE04EC0-301F-11D3-BF4B-00C04F79EFBC}") = "Ironstone Core UI", "Ironstone Core UI\Ironstone Core UI.csproj", "{AC79C0AE-544A-4CB5-8FB7-665754BDEA9F}"
EndProject
Project("{930C7802-8A8C-48F9-8165-68863BCCD9DD}") = "BetaInstaller", "BetaInstaller\BetaInstaller.wixproj", "{914F4E9A-0D01-4C75-A892-167BD086BF53}"
	ProjectSection(ProjectDependencies) = postProject
		{A3BFA507-A2C4-4C33-943B-6083133EE63C} = {A3BFA507-A2C4-4C33-943B-6083133EE63C}
		{AC79C0AE-544A-4CB5-8FB7-665754BDEA9F} = {AC79C0AE-544A-4CB5-8FB7-665754BDEA9F}
	EndProjectSection
EndProject
Project("{FAE04EC0-301F-11D3-BF4B-00C04F79EFBC}") = "IronstoneCore.UI.UiTests", "IronstoneCore.UI.UiTests\IronstoneCore.UI.UiTests.csproj", "{9550F345-A61D-4288-B8F0-EB67FCA6916F}"
EndProject
Global
	GlobalSection(SolutionConfigurationPlatforms) = preSolution
		Debug|Any CPU = Debug|Any CPU
		Debug|x64 = Debug|x64
		Release|Any CPU = Release|Any CPU
		Release|x64 = Release|x64
	EndGlobalSection
	GlobalSection(ProjectConfigurationPlatforms) = postSolution
		{A3BFA507-A2C4-4C33-943B-6083133EE63C}.Debug|Any CPU.ActiveCfg = Debug|x64
		{A3BFA507-A2C4-4C33-943B-6083133EE63C}.Debug|x64.ActiveCfg = Debug|x64
		{A3BFA507-A2C4-4C33-943B-6083133EE63C}.Debug|x64.Build.0 = Debug|x64
		{A3BFA507-A2C4-4C33-943B-6083133EE63C}.Release|Any CPU.ActiveCfg = Release|x64
		{A3BFA507-A2C4-4C33-943B-6083133EE63C}.Release|x64.ActiveCfg = Release|x64
		{A3BFA507-A2C4-4C33-943B-6083133EE63C}.Release|x64.Build.0 = Release|x64
		{B7273690-BCCA-4A2A-BBE8-07D11D1D299E}.Debug|Any CPU.ActiveCfg = Debug|x86
		{B7273690-BCCA-4A2A-BBE8-07D11D1D299E}.Debug|x64.ActiveCfg = Debug|x64
		{B7273690-BCCA-4A2A-BBE8-07D11D1D299E}.Release|Any CPU.ActiveCfg = Release|x86
		{B7273690-BCCA-4A2A-BBE8-07D11D1D299E}.Release|x64.ActiveCfg = Release|x64
		{B7273690-BCCA-4A2A-BBE8-07D11D1D299E}.Release|x64.Build.0 = Release|x64
		{1F8281CB-B208-45D3-A8CA-CDED34C48636}.Debug|Any CPU.ActiveCfg = Debug|x64
		{1F8281CB-B208-45D3-A8CA-CDED34C48636}.Debug|x64.ActiveCfg = Debug|x64
		{1F8281CB-B208-45D3-A8CA-CDED34C48636}.Debug|x64.Build.0 = Debug|x64
		{1F8281CB-B208-45D3-A8CA-CDED34C48636}.Release|Any CPU.ActiveCfg = Release|x64
		{1F8281CB-B208-45D3-A8CA-CDED34C48636}.Release|x64.ActiveCfg = Release|x64
		{1F8281CB-B208-45D3-A8CA-CDED34C48636}.Release|x64.Build.0 = Release|x64
		{AC79C0AE-544A-4CB5-8FB7-665754BDEA9F}.Debug|Any CPU.ActiveCfg = Debug|x64
		{AC79C0AE-544A-4CB5-8FB7-665754BDEA9F}.Debug|x64.ActiveCfg = Debug|x64
		{AC79C0AE-544A-4CB5-8FB7-665754BDEA9F}.Debug|x64.Build.0 = Debug|x64
		{AC79C0AE-544A-4CB5-8FB7-665754BDEA9F}.Release|Any CPU.ActiveCfg = Release|x64
		{AC79C0AE-544A-4CB5-8FB7-665754BDEA9F}.Release|x64.ActiveCfg = Release|x64
		{AC79C0AE-544A-4CB5-8FB7-665754BDEA9F}.Release|x64.Build.0 = Release|x64
		{914F4E9A-0D01-4C75-A892-167BD086BF53}.Debug|Any CPU.ActiveCfg = Debug|x86
		{914F4E9A-0D01-4C75-A892-167BD086BF53}.Debug|x64.ActiveCfg = Debug|x64
		{914F4E9A-0D01-4C75-A892-167BD086BF53}.Release|Any CPU.ActiveCfg = Release|x86
		{914F4E9A-0D01-4C75-A892-167BD086BF53}.Release|x64.ActiveCfg = Release|x64
		{914F4E9A-0D01-4C75-A892-167BD086BF53}.Release|x64.Build.0 = Release|x64
		{9550F345-A61D-4288-B8F0-EB67FCA6916F}.Debug|Any CPU.ActiveCfg = Debug|x64
		{9550F345-A61D-4288-B8F0-EB67FCA6916F}.Debug|x64.ActiveCfg = Debug|x64
		{9550F345-A61D-4288-B8F0-EB67FCA6916F}.Debug|x64.Build.0 = Debug|x64
		{9550F345-A61D-4288-B8F0-EB67FCA6916F}.Release|Any CPU.ActiveCfg = Release|x64
		{9550F345-A61D-4288-B8F0-EB67FCA6916F}.Release|x64.ActiveCfg = Release|x64
		{9550F345-A61D-4288-B8F0-EB67FCA6916F}.Release|x64.Build.0 = Release|x64
	EndGlobalSection
	GlobalSection(SolutionProperties) = preSolution
		HideSolutionNode = FALSE
	EndGlobalSection
	GlobalSection(ExtensibilityGlobals) = postSolution
		SolutionGuid = {DE9BC411-D8A9-4F4D-BA65-066933E25C81}
	EndGlobalSection
EndGlobal
